<?xml version="1.0" encoding="UTF-8" standalone="yes" ?>
<CodeBlocks_project_file>
	<FileVersion major="1" minor="6" />
	<Project>
		<Option title="Optimisation" />
		<Option pch_mode="2" />
		<Option compiler="gcc" />
		<Build>
			<Target title="Debug">
				<Option output="bin/Debug/Optimisation" prefix_auto="1" extension_auto="1" />
				<Option object_output="obj/Debug/" />
				<Option type="1" />
				<Option compiler="gcc" />
				<Compiler>
					<Add option="-g" />
				</Compiler>
			</Target>
			<Target title="Release">
				<Option output="bin/Release/Optimisation" prefix_auto="1" extension_auto="1" />
				<Option object_output="obj/Release/" />
				<Option type="1" />
				<Option compiler="gcc" />
				<Compiler>
					<Add option="-O2" />
				</Compiler>
				<Linker>
					<Add option="-s" />
				</Linker>
			</Target>
		</Build>
		<Compiler>
			<Add option="-Wall" />
			<Add option="-fexceptions" />
		</Compiler>
		<Unit filename="crossover.h" />
		<Unit filename="decode.h" />
		<Unit filename="func-con.h" />
		<Unit filename="init.h" />
		<Unit filename="input.h" />
		<Unit filename="keepaliven.h" />
		<Unit filename="mut.h" />
		<Unit filename="nsga2.c">
			<Option compilerVar="CC" />
		</Unit>
		<Unit filename="rancon.h" />
		<Unit filename="random.h" />
		<Unit filename="ranking.h" />
		<Unit filename="realcross2.h" />
		<Unit filename="realinit.h" />
		<Unit filename="realmut1.h" />
		<Unit filename="report.h" />
		<Unit filename="roullette.h" />
		<Unit filename="select.h" />
		<Unit filename="uniformxr.h" />
		<Extensions>
			<code_completion />
			<envvars />
			<debugger />
			<lib_finder disable_auto="1" />
		</Extensions>
	</Project>
</CodeBlocks_project_file>
